
Microsoft Visual Studio Solution File, Format Version 12.00
# Visual Studio Version 16
VisualStudioVersion = 25.0.1706.8
MinimumVisualStudioVersion = 10.0.40219.1
Project("{FAE04EC0-301F-11D3-BF4B-00C04F79EFBC}") = "COMP003A.Assignment1", "COMP003A.Assignment1\COMP003A.Assignment1.csproj", "{52B7E1D4-D84C-4058-B6A3-BCF6C161A8CB}"
EndProject
Global
	GlobalSection(SolutionConfigurationPlatforms) = preSolution
		Debug|Any CPU = Debug|Any CPU
		Release|Any CPU = Release|Any CPU
	EndGlobalSection
	GlobalSection(ProjectConfigurationPlatforms) = postSolution
		{52B7E1D4-D84C-4058-B6A3-BCF6C161A8CB}.Debug|Any CPU.ActiveCfg = Debug|Any CPU
		{52B7E1D4-D84C-4058-B6A3-BCF6C161A8CB}.Debug|Any CPU.Build.0 = Debug|Any CPU
		{52B7E1D4-D84C-4058-B6A3-BCF6C161A8CB}.Release|Any CPU.ActiveCfg = Release|Any CPU
		{52B7E1D4-D84C-4058-B6A3-BCF6C161A8CB}.Release|Any CPU.Build.0 = Release|Any CPU
	EndGlobalSection
	GlobalSection(SolutionProperties) = preSolution
		HideSolutionNode = FALSE
	EndGlobalSection
	GlobalSection(ExtensibilityGlobals) = postSolution
		SolutionGuid = {3D508C9E-6081-42EA-960A-249BBD65200B}
	EndGlobalSection
EndGlobal
